// !$*UTF8*$!
{
	archiveVersion = 1;
	classes = {
	};
	objectVersion = 77;
	objects = {

/* Begin PBXBuildFile section */
		78AD1A662EBB7F4B00150940 /* GoogleSignIn in Frameworks */ = {isa = PBXBuildFile; productRef = 78AD1A652EBB7F4B00150940 /* GoogleSignIn */; };
		78AD1A682EBB7F4B00150940 /* GoogleSignInSwift in Frameworks */ = {isa = PBXBuildFile; productRef = 78AD1A672EBB7F4B00150940 /* GoogleSignInSwift */; };
		78D725172D03CE08007A20D7 /* FirebaseAuth in Frameworks */ = {isa = PBXBuildFile; productRef = 78D725162D03CE08007A20D7 /* FirebaseAuth */; };
		78D725192D03CE0E007A20D7 /* FirebaseFirestore in Frameworks */ = {isa = PBXBuildFile; productRef = 78D725182D03CE0E007A20D7 /* FirebaseFirestore */; };
		78D7251B2D03CE28007A20D7 /* RiveRuntime in Frameworks */ = {isa = PBXBuildFile; productRef = 78D7251A2D03CE28007A20D7 /* RiveRuntime */; };
/* End PBXBuildFile section */

/* Begin PBXContainerItemProxy section */
		78D7249C2D03CAA2007A20D7 /* PBXContainerItemProxy */ = {
			isa = PBXContainerItemProxy;
			containerPortal = 78D724832D03CAA1007A20D7 /* Project object */;
			proxyType = 1;
			remoteGlobalIDString = 78D7248A2D03CAA1007A20D7;
			remoteInfo = dash;
		};
		78D724A62D03CAA2007A20D7 /* PBXContainerItemProxy */ = {
			isa = PBXContainerItemProxy;
			containerPortal = 78D724832D03CAA1007A20D7 /* Project object */;
			proxyType = 1;
			remoteGlobalIDString = 78D7248A2D03CAA1007A20D7;
			remoteInfo = dash;
		};
/* End PBXContainerItemProxy section */

/* Begin PBXFileReference section */
		78D7248B2D03CAA1007A20D7 /* dash.app */ = {isa = PBXFileReference; explicitFileType = wrapper.application; includeInIndex = 0; path = dash.app; sourceTree = BUILT_PRODUCTS_DIR; };
		78D7249B2D03CAA2007A20D7 /* dashTests.xctest */ = {isa = PBXFileReference; explicitFileType = wrapper.cfbundle; includeInIndex = 0; path = dashTests.xctest; sourceTree = BUILT_PRODUCTS_DIR; };
		78D724A52D03CAA2007A20D7 /* dashUITests.xctest */ = {isa = PBXFileReference; explicitFileType = wrapper.cfbundle; includeInIndex = 0; path = dashUITests.xctest; sourceTree = BUILT_PRODUCTS_DIR; };
/* End PBXFileReference section */

/* Begin PBXFileSystemSynchronizedBuildFileExceptionSet section */
		78D725272D03D0EE007A20D7 /* Exceptions for "dash" folder in "dash" target */ = {
			isa = PBXFileSystemSynchronizedBuildFileExceptionSet;
			membershipExceptions = (
				Info.plist,
			);
			target = 78D7248A2D03CAA1007A20D7 /* dash */;
		};
/* End PBXFileSystemSynchronizedBuildFileExceptionSet section */

/* Begin PBXFileSystemSynchronizedRootGroup section */
		78D7248D2D03CAA1007A20D7 /* dash */ = {
			isa = PBXFileSystemSynchronizedRootGroup;
			exceptions = (
				78D725272D03D0EE007A20D7 /* Exceptions for "dash" folder in "dash" target */,
			);
			path = dash;
			sourceTree = "<group>";
		};
		78D7249E2D03CAA2007A20D7 /* dashTests */ = {
			isa = PBXFileSystemSynchronizedRootGroup;
			path = dashTests;
			sourceTree = "<group>";
		};
		78D724A82D03CAA2007A20D7 /* dashUITests */ = {
			isa = PBXFileSystemSynchronizedRootGroup;
			path = dashUITests;
			sourceTree = "<group>";
		};
/* End PBXFileSystemSynchronizedRootGroup section */

/* Begin PBXFrameworksBuildPhase section */
		78D724882D03CAA1007A20D7 /* Frameworks */ = {
			isa = PBXFrameworksBuildPhase;
			buildActionMask = 2147483647;
			files = (
				78AD1A682EBB7F4B00150940 /* GoogleSignInSwift in Frameworks */,
				78D725172D03CE08007A20D7 /* FirebaseAuth in Frameworks */,
				78AD1A662EBB7F4B00150940 /* GoogleSignIn in Frameworks */,
				78D725192D03CE0E007A20D7 /* FirebaseFirestore in Frameworks */,
				78D7251B2D03CE28007A20D7 /* RiveRuntime in Frameworks */,
			);
			runOnlyForDeploymentPostprocessing = 0;
		};
		78D724982D03CAA2007A20D7 /* Frameworks */ = {
			isa = PBXFrameworksBuildPhase;
			buildActionMask = 2147483647;
			files = (
			);
			runOnlyForDeploymentPostprocessing = 0;
		};
		78D724A22D03CAA2007A20D7 /* Frameworks */ = {
			isa = PBXFrameworksBuildPhase;
			buildActionMask = 2147483647;
			files = (
			);
			runOnlyForDeploymentPostprocessing = 0;
		};
/* End PBXFrameworksBuildPhase section */

/* Begin PBXGroup section */
		78D724822D03CAA1007A20D7 = {
			isa = PBXGroup;
			children = (
				78D7248D2D03CAA1007A20D7 /* dash */,
				78D7249E2D03CAA2007A20D7 /* dashTests */,
				78D724A82D03CAA2007A20D7 /* dashUITests */,
				78D725152D03CE08007A20D7 /* Frameworks */,
				78D7248C2D03CAA1007A20D7 /* Products */,
			);
			sourceTree = "<group>";
		};
		78D7248C2D03CAA1007A20D7 /* Products */ = {
			isa = PBXGroup;
			children = (
				78D7248B2D03CAA1007A20D7 /* dash.app */,
				78D7249B2D03CAA2007A20D7 /* dashTests.xctest */,
				78D724A52D03CAA2007A20D7 /* dashUITests.xctest */,
			);
			name = Products;
			sourceTree = "<group>";
		};
		78D725152D03CE08007A20D7 /* Frameworks */ = {
			isa = PBXGroup;
			children = (
			);
			name = Frameworks;
			sourceTree = "<group>";
		};
/* End PBXGroup section */

/* Begin PBXNativeTarget section */
		78D7248A2D03CAA1007A20D7 /* dash */ = {
			isa = PBXNativeTarget;
			buildConfigurationList = 78D724AF2D03CAA2007A20D7 /* Build configuration list for PBXNativeTarget "dash" */;
			buildPhases = (
				78D724872D03CAA1007A20D7 /* Sources */,
				78D724882D03CAA1007A20D7 /* Frameworks */,
				78D724892D03CAA1007A20D7 /* Resources */,
			);
			buildRules = (
			);
			dependencies = (
			);
			fileSystemSynchronizedGroups = (
				78D7248D2D03CAA1007A20D7 /* dash */,
			);
			name = dash;
			packageProductDependencies = (
				78D725162D03CE08007A20D7 /* FirebaseAuth */,
				78D725182D03CE0E007A20D7 /* FirebaseFirestore */,
				78D7251A2D03CE28007A20D7 /* RiveRuntime */,
				78AD1A652EBB7F4B00150940 /* GoogleSignIn */,
				78AD1A672EBB7F4B00150940 /* GoogleSignInSwift */,
			);
			productName = dash;
			productReference = 78D7248B2D03CAA1007A20D7 /* dash.app */;
			productType = "com.apple.product-type.application";
		};
		78D7249A2D03CAA2007A20D7 /* dashTests */ = {
			isa = PBXNativeTarget;
			buildConfigurationList = 78D724B22D03CAA2007A20D7 /* Build configuration list for PBXNativeTarget "dashTests" */;
			buildPhases = (
				78D724972D03CAA2007A20D7 /* Sources */,
				78D724982D03CAA2007A20D7 /* Frameworks */,
				78D724992D03CAA2007A20D7 /* Resources */,
			);
			buildRules = (
			);
			dependencies = (
				78D7249D2D03CAA2007A20D7 /* PBXTargetDependency */,
			);
			fileSystemSynchronizedGroups = (
				78D7249E2D03CAA2007A20D7 /* dashTests */,
			);
			name = dashTests;
			packageProductDependencies = (
			);
			productName = dashTests;
			productReference = 78D7249B2D03CAA2007A20D7 /* dashTests.xctest */;
			productType = "com.apple.product-type.bundle.unit-test";
		};
		78D724A42D03CAA2007A20D7 /* dashUITests */ = {
			isa = PBXNativeTarget;
			buildConfigurationList = 78D724B52D03CAA2007A20D7 /* Build configuration list for PBXNativeTarget "dashUITests" */;
			buildPhases = (
				78D724A12D03CAA2007A20D7 /* Sources */,
				78D724A22D03CAA2007A20D7 /* Frameworks */,
				78D724A32D03CAA2007A20D7 /* Resources */,
			);
			buildRules = (
			);
			dependencies = (
				78D724A72D03CAA2007A20D7 /* PBXTargetDependency */,
			);
			fileSystemSynchronizedGroups = (
				78D724A82D03CAA2007A20D7 /* dashUITests */,
			);
			name = dashUITests;
			packageProductDependencies = (
			);
			productName = dashUITests;
			productReference = 78D724A52D03CAA2007A20D7 /* dashUITests.xctest */;
			productType = "com.apple.product-type.bundle.ui-testing";
		};
/* End PBXNativeTarget section */

/* Begin PBXProject section */
		78D724832D03CAA1007A20D7 /* Project object */ = {
			isa = PBXProject;
			attributes = {
				BuildIndependentTargetsInParallel = 1;
				LastSwiftUpdateCheck = 1610;
				LastUpgradeCheck = 1610;
				TargetAttributes = {
					78D7248A2D03CAA1007A20D7 = {
						CreatedOnToolsVersion = 16.1;
					};
					78D7249A2D03CAA2007A20D7 = {
						CreatedOnToolsVersion = 16.1;
						TestTargetID = 78D7248A2D03CAA1007A20D7;
					};
					78D724A42D03CAA2007A20D7 = {
						CreatedOnToolsVersion = 16.1;
						TestTargetID = 78D7248A2D03CAA1007A20D7;
					};
				};
			};
			buildConfigurationList = 78D724862D03CAA1007A20D7 /* Build configuration list for PBXProject "dash" */;
			developmentRegion = en;
			hasScannedForEncodings = 0;
			knownRegions = (
				en,
				Base,
			);
			mainGroup = 78D724822D03CAA1007A20D7;
			minimizedProjectReferenceProxies = 1;
			packageReferences = (
				78D724B82D03CB38007A20D7 /* XCRemoteSwiftPackageReference "rive-ios" */,
				78D724B92D03CB7F007A20D7 /* XCRemoteSwiftPackageReference "firebase-ios-sdk" */,
				78AD193F2EBB7D8A00150940 /* XCRemoteSwiftPackageReference "GoogleSignIn-iOS" */,
			);
			preferredProjectObjectVersion = 77;
			productRefGroup = 78D7248C2D03CAA1007A20D7 /* Products */;
			projectDirPath = "";
			projectRoot = "";
			targets = (
				78D7248A2D03CAA1007A20D7 /* dash */,
				78D7249A2D03CAA2007A20D7 /* dashTests */,
				78D724A42D03CAA2007A20D7 /* dashUITests */,
			);
		};
/* End PBXProject section */

/* Begin PBXResourcesBuildPhase section */
		78D724892D03CAA1007A20D7 /* Resources */ = {
			isa = PBXResourcesBuildPhase;
			buildActionMask = 2147483647;
			files = (
			);
			runOnlyForDeploymentPostprocessing = 0;
		};
		78D724992D03CAA2007A20D7 /* Resources */ = {
			isa = PBXResourcesBuildPhase;
			buildActionMask = 2147483647;
			files = (
			);
			runOnlyForDeploymentPostprocessing = 0;
		};
		78D724A32D03CAA2007A20D7 /* Resources */ = {
			isa = PBXResourcesBuildPhase;
			buildActionMask = 2147483647;
			files = (
			);
			runOnlyForDeploymentPostprocessing = 0;
		};
/* End PBXResourcesBuildPhase section */

/* Begin PBXSourcesBuildPhase section */
		78D724872D03CAA1007A20D7 /* Sources */ = {
			isa = PBXSourcesBuildPhase;
			buildActionMask = 2147483647;
			files = (
			);
			runOnlyForDeploymentPostprocessing = 0;
		};
		78D724972D03CAA2007A20D7 /* Sources */ = {
			isa = PBXSourcesBuildPhase;
			buildActionMask = 2147483647;
			files = (
			);
			runOnlyForDeploymentPostprocessing = 0;
		};
		78D724A12D03CAA2007A20D7 /* Sources */ = {
			isa = PBXSourcesBuildPhase;
			buildActionMask = 2147483647;
			files = (
			);
			runOnlyForDeploymentPostprocessing = 0;
		};
/* End PBXSourcesBuildPhase section */

/* Begin PBXTargetDependency section */
		78D7249D2D03CAA2007A20D7 /* PBXTargetDependency */ = {
			isa = PBXTargetDependency;
			target = 78D7248A2D03CAA1007A20D7 /* dash */;
			targetProxy = 78D7249C2D03CAA2007A20D7 /* PBXContainerItemProxy */;
		};
		78D724A72D03CAA2007A20D7 /* PBXTargetDependency */ = {
			isa = PBXTargetDependency;
			target = 78D7248A2D03CAA1007A20D7 /* dash */;
			targetProxy = 78D724A62D03CAA2007A20D7 /* PBXContainerItemProxy */;
		};
/* End PBXTargetDependency section */

/* Begin XCBuildConfiguration section */
		78D724AD2D03CAA2007A20D7 /* Debug */ = {
			isa = XCBuildConfiguration;
			buildSettings = {
				ALWAYS_SEARCH_USER_PATHS = NO;
				ASSETCATALOG_COMPILER_GENERATE_SWIFT_ASSET_SYMBOL_EXTENSIONS = YES;
				CLANG_ANALYZER_NONNULL = YES;
				CLANG_ANALYZER_NUMBER_OBJECT_CONVERSION = YES_AGGRESSIVE;
				CLANG_CXX_LANGUAGE_STANDARD = "gnu++20";
				CLANG_ENABLE_MODULES = YES;
				CLANG_ENABLE_OBJC_ARC = YES;
				CLANG_ENABLE_OBJC_WEAK = YES;
				CLANG_WARN_BLOCK_CAPTURE_AUTORELEASING = YES;
				CLANG_WARN_BOOL_CONVERSION = YES;
				CLANG_WARN_COMMA = YES;
				CLANG_WARN_CONSTANT_CONVERSION = YES;
				CLANG_WARN_DEPRECATED_OBJC_IMPLEMENTATIONS = YES;
				CLANG_WARN_DIRECT_OBJC_ISA_USAGE = YES_ERROR;
				CLANG_WARN_DOCUMENTATION_COMMENTS = YES;
				CLANG_WARN_EMPTY_BODY = YES;
				CLANG_WARN_ENUM_CONVERSION = YES;
				CLANG_WARN_INFINITE_RECURSION = YES;
				CLANG_WARN_INT_CONVERSION = YES;
				CLANG_WARN_NON_LITERAL_NULL_CONVERSION = YES;
				CLANG_WARN_OBJC_IMPLICIT_RETAIN_SELF = YES;
				CLANG_WARN_OBJC_LITERAL_CONVERSION = YES;
				CLANG_WARN_OBJC_ROOT_CLASS = YES_ERROR;
				CLANG_WARN_QUOTED_INCLUDE_IN_FRAMEWORK_HEADER = YES;
				CLANG_WARN_RANGE_LOOP_ANALYSIS = YES;
				CLANG_WARN_STRICT_PROTOTYPES = YES;
				CLANG_WARN_SUSPICIOUS_MOVE = YES;
				CLANG_WARN_UNGUARDED_AVAILABILITY = YES_AGGRESSIVE;
				CLANG_WARN_UNREACHABLE_CODE = YES;
				CLANG_WARN__DUPLICATE_METHOD_MATCH = YES;
				COPY_PHASE_STRIP = NO;
				DEBUG_INFORMATION_FORMAT = dwarf;
				ENABLE_STRICT_OBJC_MSGSEND = YES;
				ENABLE_TESTABILITY = YES;
				ENABLE_USER_SCRIPT_SANDBOXING = YES;
				GCC_C_LANGUAGE_STANDARD = gnu17;
				GCC_DYNAMIC_NO_PIC = NO;
				GCC_NO_COMMON_BLOCKS = YES;
				GCC_OPTIMIZATION_LEVEL = 0;
				GCC_PREPROCESSOR_DEFINITIONS = (
					"DEBUG=1",
					"$(inherited)",
				);
				GCC_WARN_64_TO_32_BIT_CONVERSION = YES;
				GCC_WARN_ABOUT_RETURN_TYPE = YES_ERROR;
				GCC_WARN_UNDECLARED_SELECTOR = YES;
				GCC_WARN_UNINITIALIZED_AUTOS = YES_AGGRESSIVE;
				GCC_WARN_UNUSED_FUNCTION = YES;
				GCC_WARN_UNUSED_VARIABLE = YES;
				IPHONEOS_DEPLOYMENT_TARGET = 18.1;
				LOCALIZATION_PREFERS_STRING_CATALOGS = YES;
				MTL_ENABLE_DEBUG_INFO = INCLUDE_SOURCE;
				MTL_FAST_MATH = YES;
				ONLY_ACTIVE_ARCH = YES;
				SDKROOT = iphoneos;
				SWIFT_ACTIVE_COMPILATION_CONDITIONS = "DEBUG $(inherited)";
				SWIFT_OPTIMIZATION_LEVEL = "-Onone";
			};
			name = Debug;
		};
		78D724AE2D03CAA2007A20D7 /* Release */ = {
			isa = XCBuildConfiguration;
			buildSettings = {
				ALWAYS_SEARCH_USER_PATHS = NO;
				ASSETCATALOG_COMPILER_GENERATE_SWIFT_ASSET_SYMBOL_EXTENSIONS = YES;
				CLANG_ANALYZER_NONNULL = YES;
				CLANG_ANALYZER_NUMBER_OBJECT_CONVERSION = YES_AGGRESSIVE;
				CLANG_CXX_LANGUAGE_STANDARD = "gnu++20";
				CLANG_ENABLE_MODULES = YES;
				CLANG_ENABLE_OBJC_ARC = YES;
				CLANG_ENABLE_OBJC_WEAK = YES;
				CLANG_WARN_BLOCK_CAPTURE_AUTORELEASING = YES;
				CLANG_WARN_BOOL_CONVERSION = YES;
				CLANG_WARN_COMMA = YES;
				CLANG_WARN_CONSTANT_CONVERSION = YES;
				CLANG_WARN_DEPRECATED_OBJC_IMPLEMENTATIONS = YES;
				CLANG_WARN_DIRECT_OBJC_ISA_USAGE = YES_ERROR;
				CLANG_WARN_DOCUMENTATION_COMMENTS = YES;
				CLANG_WARN_EMPTY_BODY = YES;
				CLANG_WARN_ENUM_CONVERSION = YES;
				CLANG_WARN_INFINITE_RECURSION = YES;
				CLANG_WARN_INT_CONVERSION = YES;
				CLANG_WARN_NON_LITERAL_NULL_CONVERSION = YES;
				CLANG_WARN_OBJC_IMPLICIT_RETAIN_SELF = YES;
				CLANG_WARN_OBJC_LITERAL_CONVERSION = YES;
				CLANG_WARN_OBJC_ROOT_CLASS = YES_ERROR;
				CLANG_WARN_QUOTED_INCLUDE_IN_FRAMEWORK_HEADER = YES;
				CLANG_WARN_RANGE_LOOP_ANALYSIS = YES;
				CLANG_WARN_STRICT_PROTOTYPES = YES;
				CLANG_WARN_SUSPICIOUS_MOVE = YES;
				CLANG_WARN_UNGUARDED_AVAILABILITY = YES_AGGRESSIVE;
				CLANG_WARN_UNREACHABLE_CODE = YES;
				CLANG_WARN__DUPLICATE_METHOD_MATCH = YES;
				COPY_PHASE_STRIP = NO;
				DEBUG_INFORMATION_FORMAT = "dwarf-with-dsym";
				ENABLE_NS_ASSERTIONS = NO;
				ENABLE_STRICT_OBJC_MSGSEND = YES;
				ENABLE_USER_SCRIPT_SANDBOXING = YES;
				GCC_C_LANGUAGE_STANDARD = gnu17;
				GCC_NO_COMMON_BLOCKS = YES;
				GCC_WARN_64_TO_32_BIT_CONVERSION = YES;
				GCC_WARN_ABOUT_RETURN_TYPE = YES_ERROR;
				GCC_WARN_UNDECLARED_SELECTOR = YES;
				GCC_WARN_UNINITIALIZED_AUTOS = YES_AGGRESSIVE;
				GCC_WARN_UNUSED_FUNCTION = YES;
				GCC_WARN_UNUSED_VARIABLE = YES;
				IPHONEOS_DEPLOYMENT_TARGET = 18.1;
				LOCALIZATION_PREFERS_STRING_CATALOGS = YES;
				MTL_ENABLE_DEBUG_INFO = NO;
				MTL_FAST_MATH = YES;
				SDKROOT = iphoneos;
				SWIFT_COMPILATION_MODE = wholemodule;
				VALIDATE_PRODUCT = YES;
			};
			name = Release;
		};
		78D724B02D03CAA2007A20D7 /* Debug */ = {
			isa = XCBuildConfiguration;
			buildSettings = {
				ASSETCATALOG_COMPILER_APPICON_NAME = AppIcon;
				ASSETCATALOG_COMPILER_GLOBAL_ACCENT_COLOR_NAME = AccentColor;
				CODE_SIGN_STYLE = Automatic;
				CURRENT_PROJECT_VERSION = 1;
				DEVELOPMENT_ASSET_PATHS = "\"dash/Preview Content\"";
				DEVELOPMENT_TEAM = 8VZSVBTHF7;
				ENABLE_PREVIEWS = YES;
				GENERATE_INFOPLIST_FILE = YES;
				INFOPLIST_FILE = dash/Info.plist;
				INFOPLIST_KEY_UIApplicationSceneManifest_Generation = YES;
				INFOPLIST_KEY_UIApplicationSupportsIndirectInputEvents = YES;
				INFOPLIST_KEY_UILaunchScreen_Generation = YES;
				INFOPLIST_KEY_UISupportedInterfaceOrientations_iPad = "UIInterfaceOrientationPortrait UIInterfaceOrientationPortraitUpsideDown UIInterfaceOrientationLandscapeLeft UIInterfaceOrientationLandscapeRight";
				INFOPLIST_KEY_UISupportedInterfaceOrientations_iPhone = "UIInterfaceOrientationPortrait UIInterfaceOrientationLandscapeLeft UIInterfaceOrientationLandscapeRight";
				LD_RUNPATH_SEARCH_PATHS = (
					"$(inherited)",
					"@executable_path/Frameworks",
				);
				MARKETING_VERSION = 1.0;
				PRODUCT_BUNDLE_IDENTIFIER = com.swiftcore.dash;
				PRODUCT_NAME = "$(TARGET_NAME)";
				SWIFT_EMIT_LOC_STRINGS = YES;
				SWIFT_VERSION = 5.0;
				TARGETED_DEVICE_FAMILY = "1,2";
			};
			name = Debug;
		};
		78D724B12D03CAA2007A20D7 /* Release */ = {
			isa = XCBuildConfiguration;
			buildSettings = {
				ASSETCATALOG_COMPILER_APPICON_NAME = AppIcon;
				ASSETCATALOG_COMPILER_GLOBAL_ACCENT_COLOR_NAME = AccentColor;
				CODE_SIGN_ENTITLEMENTS = dash/dashRelease.entitlements;
				CODE_SIGN_STYLE = Automatic;
				CURRENT_PROJECT_VERSION = 1;
				DEVELOPMENT_ASSET_PATHS = "\"dash/Preview Content\"";
				DEVELOPMENT_TEAM = 8VZSVBTHF7;
				ENABLE_PREVIEWS = YES;
				GENERATE_INFOPLIST_FILE = YES;
				INFOPLIST_FILE = dash/Info.plist;
				INFOPLIST_KEY_UIApplicationSceneManifest_Generation = YES;
				INFOPLIST_KEY_UIApplicationSupportsIndirectInputEvents = YES;
				INFOPLIST_KEY_UILaunchScreen_Generation = YES;
				INFOPLIST_KEY_UISupportedInterfaceOrientations_iPad = "UIInterfaceOrientationPortrait UIInterfaceOrientationPortraitUpsideDown UIInterfaceOrientationLandscapeLeft UIInterfaceOrientationLandscapeRight";
				INFOPLIST_KEY_UISupportedInterfaceOrientations_iPhone = "UIInterfaceOrientationPortrait UIInterfaceOrientationLandscapeLeft UIInterfaceOrientationLandscapeRight";
				LD_RUNPATH_SEARCH_PATHS = (
					"$(inherited)",
					"@executable_path/Frameworks",
				);
				MARKETING_VERSION = 1.0;
				PRODUCT_BUNDLE_IDENTIFIER = com.swiftcore.dash;
				PRODUCT_NAME = "$(TARGET_NAME)";
				SWIFT_EMIT_LOC_STRINGS = YES;
				SWIFT_VERSION = 5.0;
				TARGETED_DEVICE_FAMILY = "1,2";
			};
			name = Release;
		};
		78D724B32D03CAA2007A20D7 /* Debug */ = {
			isa = XCBuildConfiguration;
			buildSettings = {
				BUNDLE_LOADER = "$(TEST_HOST)";
				CODE_SIGN_STYLE = Automatic;
				CURRENT_PROJECT_VERSION = 1;
				DEVELOPMENT_TEAM = 8VZSVBTHF7;
				GENERATE_INFOPLIST_FILE = YES;
				IPHONEOS_DEPLOYMENT_TARGET = 18.1;
				MARKETING_VERSION = 1.0;
				PRODUCT_BUNDLE_IDENTIFIER = com.swiftcore.dashTests;
				PRODUCT_NAME = "$(TARGET_NAME)";
				SWIFT_EMIT_LOC_STRINGS = NO;
				SWIFT_VERSION = 5.0;
				TARGETED_DEVICE_FAMILY = "1,2";
				TEST_HOST = "$(BUILT_PRODUCTS_DIR)/dash.app/$(BUNDLE_EXECUTABLE_FOLDER_PATH)/dash";
			};
			name = Debug;
		};
		78D724B42D03CAA2007A20D7 /* Release */ = {
			isa = XCBuildConfiguration;
			buildSettings = {
				BUNDLE_LOADER = "$(TEST_HOST)";
				CODE_SIGN_STYLE = Automatic;
				CURRENT_PROJECT_VERSION = 1;
				DEVELOPMENT_TEAM = 8VZSVBTHF7;
				GENERATE_INFOPLIST_FILE = YES;
				IPHONEOS_DEPLOYMENT_TARGET = 18.1;
				MARKETING_VERSION = 1.0;
				PRODUCT_BUNDLE_IDENTIFIER = com.swiftcore.dashTests;
				PRODUCT_NAME = "$(TARGET_NAME)";
				SWIFT_EMIT_LOC_STRINGS = NO;
				SWIFT_VERSION = 5.0;
				TARGETED_DEVICE_FAMILY = "1,2";
				TEST_HOST = "$(BUILT_PRODUCTS_DIR)/dash.app/$(BUNDLE_EXECUTABLE_FOLDER_PATH)/dash";
			};
			name = Release;
		};
		78D724B62D03CAA2007A20D7 /* Debug */ = {
			isa = XCBuildConfiguration;
			buildSettings = {
				CODE_SIGN_STYLE = Automatic;
				CURRENT_PROJECT_VERSION = 1;
				DEVELOPMENT_TEAM = 8VZSVBTHF7;
				GENERATE_INFOPLIST_FILE = YES;
				MARKETING_VERSION = 1.0;
				PRODUCT_BUNDLE_IDENTIFIER = com.swiftcore.dashUITests;
				PRODUCT_NAME = "$(TARGET_NAME)";
				SWIFT_EMIT_LOC_STRINGS = NO;
				SWIFT_VERSION = 5.0;
				TARGETED_DEVICE_FAMILY = "1,2";
				TEST_TARGET_NAME = dash;
			};
			name = Debug;
		};
		78D724B72D03CAA2007A20D7 /* Release */ = {
			isa = XCBuildConfiguration;
			buildSettings = {
				CODE_SIGN_STYLE = Automatic;
				CURRENT_PROJECT_VERSION = 1;
				DEVELOPMENT_TEAM = 8VZSVBTHF7;
				GENERATE_INFOPLIST_FILE = YES;
				MARKETING_VERSION = 1.0;
				PRODUCT_BUNDLE_IDENTIFIER = com.swiftcore.dashUITests;
				PRODUCT_NAME = "$(TARGET_NAME)";
				SWIFT_EMIT_LOC_STRINGS = NO;
				SWIFT_VERSION = 5.0;
				TARGETED_DEVICE_FAMILY = "1,2";
				TEST_TARGET_NAME = dash;
			};
			name = Release;
		};
/* End XCBuildConfiguration section */

/* Begin XCConfigurationList section */
		78D724862D03CAA1007A20D7 /* Build configuration list for PBXProject "dash" */ = {
			isa = XCConfigurationList;
			buildConfigurations = (
				78D724AD2D03CAA2007A20D7 /* Debug */,
				78D724AE2D03CAA2007A20D7 /* Release */,
			);
			defaultConfigurationIsVisible = 0;
			defaultConfigurationName = Release;
		};
		78D724AF2D03CAA2007A20D7 /* Build configuration list for PBXNativeTarget "dash" */ = {
			isa = XCConfigurationList;
			buildConfigurations = (
				78D724B02D03CAA2007A20D7 /* Debug */,
				78D724B12D03CAA2007A20D7 /* Release */,
			);
			defaultConfigurationIsVisible = 0;
			defaultConfigurationName = Release;
		};
		78D724B22D03CAA2007A20D7 /* Build configuration list for PBXNativeTarget "dashTests" */ = {
			isa = XCConfigurationList;
			buildConfigurations = (
				78D724B32D03CAA2007A20D7 /* Debug */,
				78D724B42D03CAA2007A20D7 /* Release */,
			);
			defaultConfigurationIsVisible = 0;
			defaultConfigurationName = Release;
		};
		78D724B52D03CAA2007A20D7 /* Build configuration list for PBXNativeTarget "dashUITests" */ = {
			isa = XCConfigurationList;
			buildConfigurations = (
				78D724B62D03CAA2007A20D7 /* Debug */,
				78D724B72D03CAA2007A20D7 /* Release */,
			);
			defaultConfigurationIsVisible = 0;
			defaultConfigurationName = Release;
		};
/* End XCConfigurationList section */

/* Begin XCRemoteSwiftPackageReference section */
		78AD193F2EBB7D8A00150940 /* XCRemoteSwiftPackageReference "GoogleSignIn-iOS" */ = {
			isa = XCRemoteSwiftPackageReference;
			repositoryURL = "https://github.com/google/GoogleSignIn-iOS";
			requirement = {
				kind = upToNextMajorVersion;
				minimumVersion = 9.0.0;
			};
		};
		78D724B82D03CB38007A20D7 /* XCRemoteSwiftPackageReference "rive-ios" */ = {
			isa = XCRemoteSwiftPackageReference;
			repositoryURL = "https://github.com/rive-app/rive-ios";
			requirement = {
				kind = upToNextMajorVersion;
				minimumVersion = 6.4.2;
			};
		};
		78D724B92D03CB7F007A20D7 /* XCRemoteSwiftPackageReference "firebase-ios-sdk" */ = {
			isa = XCRemoteSwiftPackageReference;
			repositoryURL = "https://github.com/firebase/firebase-ios-sdk";
			requirement = {
				kind = upToNextMajorVersion;
				minimumVersion = 11.6.0;
			};
		};
/* End XCRemoteSwiftPackageReference section */

/* Begin XCSwiftPackageProductDependency section */
		78AD1A652EBB7F4B00150940 /* GoogleSignIn */ = {
			isa = XCSwiftPackageProductDependency;
			package = 78AD193F2EBB7D8A00150940 /* XCRemoteSwiftPackageReference "GoogleSignIn-iOS" */;
			productName = GoogleSignIn;
		};
		78AD1A672EBB7F4B00150940 /* GoogleSignInSwift */ = {
			isa = XCSwiftPackageProductDependency;
			package = 78AD193F2EBB7D8A00150940 /* XCRemoteSwiftPackageReference "GoogleSignIn-iOS" */;
			productName = GoogleSignInSwift;
		};
		78D725162D03CE08007A20D7 /* FirebaseAuth */ = {
			isa = XCSwiftPackageProductDependency;
			package = 78D724B92D03CB7F007A20D7 /* XCRemoteSwiftPackageReference "firebase-ios-sdk" */;
			productName = FirebaseAuth;
		};
		78D725182D03CE0E007A20D7 /* FirebaseFirestore */ = {
			isa = XCSwiftPackageProductDependency;
			package = 78D724B92D03CB7F007A20D7 /* XCRemoteSwiftPackageReference "firebase-ios-sdk" */;
			productName = FirebaseFirestore;
		};
		78D7251A2D03CE28007A20D7 /* RiveRuntime */ = {
			isa = XCSwiftPackageProductDependency;
			package = 78D724B82D03CB38007A20D7 /* XCRemoteSwiftPackageReference "rive-ios" */;
			productName = RiveRuntime;
		};
/* End XCSwiftPackageProductDependency section */
	};
	rootObject = 78D724832D03CAA1007A20D7 /* Project object */;
}
